
Microsoft Visual Studio Solution File, Format Version 12.00
# Visual Studio 2012
Project("{FAE04EC0-301F-11D3-BF4B-00C04F79EFBC}") = "Click2Cloud.Openshift.Cmdlets", "Click2Cloud.Openshift.Cmdlets\Click2Cloud.Openshift.Cmdlets.csproj", "{164C85D3-7F57-4937-9EEC-4C0A47C24745}"
EndProject
Project("{FAE04EC0-301F-11D3-BF4B-00C04F79EFBC}") = "Click2Cloud.Openshift.Common", "Click2Cloud.Openshift.Common\Click2Cloud.Openshift.Common.csproj", "{D10A5A01-7A90-4C28-9C76-E2C5213592C9}"
EndProject
Project("{FAE04EC0-301F-11D3-BF4B-00C04F79EFBC}") = "Click2Cloud.Openshift.Node", "Click2Cloud.Openshift.Node\Click2Cloud.Openshift.Node.csproj", "{C69F8537-81E8-45DF-846B-508DA2AD1B0E}"
	ProjectSection(ProjectDependencies) = postProject
		{B9C02CB5-33CE-479A-9A16-78F67A66BF80} = {B9C02CB5-33CE-479A-9A16-78F67A66BF80}
	EndProjectSection
EndProject
Project("{F5034706-568F-408A-B7B3-4D38C6DB8A32}") = "Click2Cloud.PowerShell", "Click2Cloud.PowerShell\Click2Cloud.PowerShell.pssproj", "{6CAFC0C6-A428-4D30-A9F9-700E829FEA51}"
EndProject
Project("{FAE04EC0-301F-11D3-BF4B-00C04F79EFBC}") = "Click2Cloud.Openshift.Utilities", "Click2Cloud.Openshift.Utilities\Click2Cloud.Openshift.Utilities.csproj", "{38966805-0431-42D3-B5FF-51202DBCD5CD}"
EndProject
Project("{FAE04EC0-301F-11D3-BF4B-00C04F79EFBC}") = "Click2Cloud.OpenShift.TrapUser", "Click2Cloud.OpenShift.TrapUser\Click2Cloud.OpenShift.TrapUser.csproj", "{D3949F75-D14C-411D-B4DC-FE4F2783160B}"
EndProject
Project("{2150E333-8FDC-42A3-9474-1A3956D46DE8}") = ".nuget", ".nuget", "{74CC72FB-08DD-44B3-99CE-E45C91CCDA26}"
	ProjectSection(SolutionItems) = preProject
		.nuget\packages.config = .nuget\packages.config
	EndProjectSection
EndProject
Project("{2150E333-8FDC-42A3-9474-1A3956D46DE8}") = "Prison", "Prison", "{D4626A91-35DA-4DE3-89DB-DE6D838E89D6}"
EndProject
Project("{FAE04EC0-301F-11D3-BF4B-00C04F79EFBC}") = "Click2Cloud.Openshift.MsSQLSysGenerator", "Click2Cloud.OpenShift.MsSQLSysGenerator\Click2Cloud.Openshift.MsSQLSysGenerator.csproj", "{300C20C7-D0ED-4DB5-A40B-16D2E232ADD5}"
EndProject
Project("{8BC9CEB8-8B4A-11D0-8D11-00A0C91BC942}") = "Click2Cloud.Prison.Guard", "windows-isolation\src\Click2Cloud.Prison.Guard\Click2Cloud.Prison.Guard.vcxproj", "{9B3D3029-488D-49F1-A4C1-FFF256196455}"
EndProject
Project("{FAE04EC0-301F-11D3-BF4B-00C04F79EFBC}") = "Click2Cloud.Prison", "windows-isolation\src\Click2Cloud.Prison\Click2Cloud.Prison.csproj", "{B9C02CB5-33CE-479A-9A16-78F67A66BF80}"
	ProjectSection(ProjectDependencies) = postProject
		{9B3D3029-488D-49F1-A4C1-FFF256196455} = {9B3D3029-488D-49F1-A4C1-FFF256196455}
	EndProjectSection
EndProject
Project("{FAE04EC0-301F-11D3-BF4B-00C04F79EFBC}") = "Click2Cloud.Openshift.OOCmd", "Click2Cloud.Openshift.OOCmd\Click2Cloud.Openshift.OOCmd.csproj", "{E2F305D5-6DE3-4CA7-A3EE-17C047BF924A}"
EndProject
Project("{FAE04EC0-301F-11D3-BF4B-00C04F79EFBC}") = "Click2Cloud.Openshift.Common.OODiagnostics", "Click2Cloud.Openshift.Common.OODiagnostics\Click2Cloud.Openshift.Common.OODiagnostics.csproj", "{4910F0D2-EA32-462A-8BBF-F514304CE5FD}"
EndProject
Project("{FAE04EC0-301F-11D3-BF4B-00C04F79EFBC}") = "Click2Cloud.Prison.Cmd", "windows-isolation\src\Click2Cloud.Prison.Cmd\Click2Cloud.Prison.Cmd.csproj", "{04F1041A-D5D0-4AF8-A53B-301329ABB709}"
EndProject
Project("{8BC9CEB8-8B4A-11D0-8D11-00A0C91BC942}") = "Click2Cloud.Prison.CreateProcessDelegate", "windows-isolation\src\Click2Cloud.Prison.CreateProcessDelegate\Click2Cloud.WindowsIsolation.CreateProcessDelegate.vcxproj", "{E47D4563-1130-48AD-A91D-7F6DEA470905}"
EndProject
Project("{2150E333-8FDC-42A3-9474-1A3956D46DE8}") = "Tests", "Tests", "{CBB7CECF-19C9-439E-8369-BB69BC38F4AB}"
EndProject
Project("{FAE04EC0-301F-11D3-BF4B-00C04F79EFBC}") = "Click2Cloud.Prison.ChangeSession", "windows-isolation\src\Click2Cloud.Prison.ChangeSession\Click2Cloud.Prison.ChangeSession.csproj", "{55E28C63-13A1-49FE-933E-F71A8C1F9E47}"
EndProject
Global
	GlobalSection(TeamFoundationVersionControl) = preSolution
		SccNumberOfProjects = 15
		SccEnterpriseProvider = {4CA58AB2-18FA-4F8D-95D4-32DDF27D184C}
		SccTeamFoundationServer = http://srvtfs1:8080/tfs/rsin_tfs
		SccLocalPath0 = .
		SccProjectUniqueName1 = Click2Cloud.Openshift.Cmdlets\\Click2Cloud.Openshift.Cmdlets.csproj
		SccProjectName1 = Click2Cloud.Openshift.Cmdlets
		SccLocalPath1 = Click2Cloud.Openshift.Cmdlets
		SccProjectUniqueName2 = Click2Cloud.Openshift.Common\\Click2Cloud.Openshift.Common.csproj
		SccProjectName2 = Click2Cloud.Openshift.Common
		SccLocalPath2 = Click2Cloud.Openshift.Common
		SccProjectUniqueName3 = Click2Cloud.Openshift.Node\\Click2Cloud.Openshift.Node.csproj
		SccProjectName3 = Click2Cloud.Openshift.Node
		SccLocalPath3 = Click2Cloud.Openshift.Node
		SccProjectUniqueName4 = Click2Cloud.PowerShell\\Click2Cloud.PowerShell.pssproj
		SccProjectName4 = Click2Cloud.PowerShell
		SccLocalPath4 = Click2Cloud.PowerShell
		SccProjectUniqueName5 = Click2Cloud.Openshift.Utilities\\Click2Cloud.Openshift.Utilities.csproj
		SccProjectName5 = Click2Cloud.Openshift.Utilities
		SccLocalPath5 = Click2Cloud.Openshift.Utilities
		SccProjectUniqueName6 = Click2Cloud.OpenShift.TrapUser\\Click2Cloud.OpenShift.TrapUser.csproj
		SccProjectName6 = Click2Cloud.OpenShift.TrapUser
		SccLocalPath6 = Click2Cloud.OpenShift.TrapUser
		SccProjectUniqueName7 = Click2Cloud.OpenShift.MsSQLSysGenerator\\Click2Cloud.Openshift.MsSQLSysGenerator.csproj
		SccProjectName7 = Click2Cloud.OpenShift.MsSQLSysGenerator
		SccLocalPath7 = Click2Cloud.OpenShift.MsSQLSysGenerator
		SccProjectUniqueName8 = windows-isolation\\src\\Click2Cloud.Prison.Guard\\Click2Cloud.Prison.Guard.vcxproj
		SccProjectTopLevelParentUniqueName8 = openshift-dotnet.sln
		SccProjectName8 = windows-isolation/src/Click2Cloud.Prison.Guard
		SccLocalPath8 = windows-isolation\\src\\Click2Cloud.Prison.Guard
		SccProjectUniqueName9 = windows-isolation\\src\\Click2Cloud.Prison\\Click2Cloud.Prison.csproj
		SccProjectTopLevelParentUniqueName9 = openshift-dotnet.sln
		SccProjectName9 = windows-isolation/src/Click2Cloud.Prison
		SccLocalPath9 = windows-isolation\\src\\Click2Cloud.Prison
		SccProjectUniqueName10 = Click2Cloud.Openshift.OOCmd\\Click2Cloud.Openshift.OOCmd.csproj
		SccProjectName10 = Click2Cloud.Openshift.OOCmd
		SccLocalPath10 = Click2Cloud.Openshift.OOCmd
		SccProjectUniqueName11 = Click2Cloud.Openshift.Common.OODiagnostics\\Click2Cloud.Openshift.Common.OODiagnostics.csproj
		SccProjectName11 = Click2Cloud.Openshift.Common.OODiagnostics
		SccLocalPath11 = Click2Cloud.Openshift.Common.OODiagnostics
		SccProjectUniqueName12 = windows-isolation\\src\\Click2Cloud.Prison.Cmd\\Click2Cloud.Prison.Cmd.csproj
		SccProjectName12 = windows-isolation/src/Click2Cloud.Prison.Cmd
		SccLocalPath12 = windows-isolation\\src\\Click2Cloud.Prison.Cmd
		SccProjectUniqueName13 = windows-isolation\\src\\Click2Cloud.Prison.CreateProcessDelegate\\Click2Cloud.WindowsIsolation.CreateProcessDelegate.vcxproj
		SccProjectName13 = windows-isolation/src/Click2Cloud.Prison.CreateProcessDelegate
		SccLocalPath13 = windows-isolation\\src\\Click2Cloud.Prison.CreateProcessDelegate
		SccProjectUniqueName14 = windows-isolation\\src\\Click2Cloud.Prison.ChangeSession\\Click2Cloud.Prison.ChangeSession.csproj
		SccProjectTopLevelParentUniqueName14 = openshift-dotnet.sln
		SccProjectName14 = windows-isolation/src/Click2Cloud.Prison.ChangeSession
		SccLocalPath14 = windows-isolation\\src\\Click2Cloud.Prison.ChangeSession
	EndGlobalSection
	GlobalSection(SolutionConfigurationPlatforms) = preSolution
		Debug|Any CPU = Debug|Any CPU
		Debug|Mixed Platforms = Debug|Mixed Platforms
		Debug|Win32 = Debug|Win32
		Debug|x64 = Debug|x64
		Release|Any CPU = Release|Any CPU
		Release|Mixed Platforms = Release|Mixed Platforms
		Release|Win32 = Release|Win32
		Release|x64 = Release|x64
	EndGlobalSection
	GlobalSection(ProjectConfigurationPlatforms) = postSolution
		{164C85D3-7F57-4937-9EEC-4C0A47C24745}.Debug|Any CPU.ActiveCfg = Debug|Any CPU
		{164C85D3-7F57-4937-9EEC-4C0A47C24745}.Debug|Any CPU.Build.0 = Debug|Any CPU
		{164C85D3-7F57-4937-9EEC-4C0A47C24745}.Debug|Mixed Platforms.ActiveCfg = Debug|Any CPU
		{164C85D3-7F57-4937-9EEC-4C0A47C24745}.Debug|Mixed Platforms.Build.0 = Debug|Any CPU
		{164C85D3-7F57-4937-9EEC-4C0A47C24745}.Debug|Win32.ActiveCfg = Debug|Any CPU
		{164C85D3-7F57-4937-9EEC-4C0A47C24745}.Debug|x64.ActiveCfg = Debug|x64
		{164C85D3-7F57-4937-9EEC-4C0A47C24745}.Debug|x64.Build.0 = Debug|x64
		{164C85D3-7F57-4937-9EEC-4C0A47C24745}.Release|Any CPU.ActiveCfg = Release|Any CPU
		{164C85D3-7F57-4937-9EEC-4C0A47C24745}.Release|Any CPU.Build.0 = Release|Any CPU
		{164C85D3-7F57-4937-9EEC-4C0A47C24745}.Release|Mixed Platforms.ActiveCfg = Release|Any CPU
		{164C85D3-7F57-4937-9EEC-4C0A47C24745}.Release|Mixed Platforms.Build.0 = Release|Any CPU
		{164C85D3-7F57-4937-9EEC-4C0A47C24745}.Release|Win32.ActiveCfg = Release|Any CPU
		{164C85D3-7F57-4937-9EEC-4C0A47C24745}.Release|x64.ActiveCfg = Release|x64
		{164C85D3-7F57-4937-9EEC-4C0A47C24745}.Release|x64.Build.0 = Release|x64
		{D10A5A01-7A90-4C28-9C76-E2C5213592C9}.Debug|Any CPU.ActiveCfg = Debug|Any CPU
		{D10A5A01-7A90-4C28-9C76-E2C5213592C9}.Debug|Any CPU.Build.0 = Debug|Any CPU
		{D10A5A01-7A90-4C28-9C76-E2C5213592C9}.Debug|Mixed Platforms.ActiveCfg = Debug|Any CPU
		{D10A5A01-7A90-4C28-9C76-E2C5213592C9}.Debug|Mixed Platforms.Build.0 = Debug|Any CPU
		{D10A5A01-7A90-4C28-9C76-E2C5213592C9}.Debug|Win32.ActiveCfg = Debug|Any CPU
		{D10A5A01-7A90-4C28-9C76-E2C5213592C9}.Debug|x64.ActiveCfg = Debug|x64
		{D10A5A01-7A90-4C28-9C76-E2C5213592C9}.Debug|x64.Build.0 = Debug|x64
		{D10A5A01-7A90-4C28-9C76-E2C5213592C9}.Release|Any CPU.ActiveCfg = Release|Any CPU
		{D10A5A01-7A90-4C28-9C76-E2C5213592C9}.Release|Any CPU.Build.0 = Release|Any CPU
		{D10A5A01-7A90-4C28-9C76-E2C5213592C9}.Release|Mixed Platforms.ActiveCfg = Release|Any CPU
		{D10A5A01-7A90-4C28-9C76-E2C5213592C9}.Release|Mixed Platforms.Build.0 = Release|Any CPU
		{D10A5A01-7A90-4C28-9C76-E2C5213592C9}.Release|Win32.ActiveCfg = Release|Any CPU
		{D10A5A01-7A90-4C28-9C76-E2C5213592C9}.Release|x64.ActiveCfg = Release|x64
		{D10A5A01-7A90-4C28-9C76-E2C5213592C9}.Release|x64.Build.0 = Release|x64
		{C69F8537-81E8-45DF-846B-508DA2AD1B0E}.Debug|Any CPU.ActiveCfg = Debug|Any CPU
		{C69F8537-81E8-45DF-846B-508DA2AD1B0E}.Debug|Any CPU.Build.0 = Debug|Any CPU
		{C69F8537-81E8-45DF-846B-508DA2AD1B0E}.Debug|Mixed Platforms.ActiveCfg = Debug|Any CPU
		{C69F8537-81E8-45DF-846B-508DA2AD1B0E}.Debug|Mixed Platforms.Build.0 = Debug|Any CPU
		{C69F8537-81E8-45DF-846B-508DA2AD1B0E}.Debug|Win32.ActiveCfg = Debug|Any CPU
		{C69F8537-81E8-45DF-846B-508DA2AD1B0E}.Debug|x64.ActiveCfg = Debug|x64
		{C69F8537-81E8-45DF-846B-508DA2AD1B0E}.Debug|x64.Build.0 = Debug|x64
		{C69F8537-81E8-45DF-846B-508DA2AD1B0E}.Release|Any CPU.ActiveCfg = Release|Any CPU
		{C69F8537-81E8-45DF-846B-508DA2AD1B0E}.Release|Any CPU.Build.0 = Release|Any CPU
		{C69F8537-81E8-45DF-846B-508DA2AD1B0E}.Release|Mixed Platforms.ActiveCfg = Release|Any CPU
		{C69F8537-81E8-45DF-846B-508DA2AD1B0E}.Release|Mixed Platforms.Build.0 = Release|Any CPU
		{C69F8537-81E8-45DF-846B-508DA2AD1B0E}.Release|Win32.ActiveCfg = Release|Any CPU
		{C69F8537-81E8-45DF-846B-508DA2AD1B0E}.Release|x64.ActiveCfg = Release|x64
		{C69F8537-81E8-45DF-846B-508DA2AD1B0E}.Release|x64.Build.0 = Release|x64
		{6CAFC0C6-A428-4D30-A9F9-700E829FEA51}.Debug|Any CPU.ActiveCfg = Debug|Any CPU
		{6CAFC0C6-A428-4D30-A9F9-700E829FEA51}.Debug|Any CPU.Build.0 = Debug|Any CPU
		{6CAFC0C6-A428-4D30-A9F9-700E829FEA51}.Debug|Mixed Platforms.ActiveCfg = Debug|Any CPU
		{6CAFC0C6-A428-4D30-A9F9-700E829FEA51}.Debug|Mixed Platforms.Build.0 = Debug|Any CPU
		{6CAFC0C6-A428-4D30-A9F9-700E829FEA51}.Debug|Win32.ActiveCfg = Debug|Any CPU
		{6CAFC0C6-A428-4D30-A9F9-700E829FEA51}.Debug|x64.ActiveCfg = Debug|Any CPU
		{6CAFC0C6-A428-4D30-A9F9-700E829FEA51}.Debug|x64.Build.0 = Debug|Any CPU
		{6CAFC0C6-A428-4D30-A9F9-700E829FEA51}.Release|Any CPU.ActiveCfg = Release|Any CPU
		{6CAFC0C6-A428-4D30-A9F9-700E829FEA51}.Release|Any CPU.Build.0 = Release|Any CPU
		{6CAFC0C6-A428-4D30-A9F9-700E829FEA51}.Release|Mixed Platforms.ActiveCfg = Release|Any CPU
		{6CAFC0C6-A428-4D30-A9F9-700E829FEA51}.Release|Mixed Platforms.Build.0 = Release|Any CPU
		{6CAFC0C6-A428-4D30-A9F9-700E829FEA51}.Release|Win32.ActiveCfg = Release|Any CPU
		{6CAFC0C6-A428-4D30-A9F9-700E829FEA51}.Release|x64.ActiveCfg = Release|Any CPU
		{6CAFC0C6-A428-4D30-A9F9-700E829FEA51}.Release|x64.Build.0 = Release|Any CPU
		{38966805-0431-42D3-B5FF-51202DBCD5CD}.Debug|Any CPU.ActiveCfg = Debug|Any CPU
		{38966805-0431-42D3-B5FF-51202DBCD5CD}.Debug|Any CPU.Build.0 = Debug|Any CPU
		{38966805-0431-42D3-B5FF-51202DBCD5CD}.Debug|Mixed Platforms.ActiveCfg = Debug|Any CPU
		{38966805-0431-42D3-B5FF-51202DBCD5CD}.Debug|Mixed Platforms.Build.0 = Debug|Any CPU
		{38966805-0431-42D3-B5FF-51202DBCD5CD}.Debug|Win32.ActiveCfg = Debug|Any CPU
		{38966805-0431-42D3-B5FF-51202DBCD5CD}.Debug|x64.ActiveCfg = Debug|x64
		{38966805-0431-42D3-B5FF-51202DBCD5CD}.Debug|x64.Build.0 = Debug|x64
		{38966805-0431-42D3-B5FF-51202DBCD5CD}.Release|Any CPU.ActiveCfg = Release|Any CPU
		{38966805-0431-42D3-B5FF-51202DBCD5CD}.Release|Any CPU.Build.0 = Release|Any CPU
		{38966805-0431-42D3-B5FF-51202DBCD5CD}.Release|Mixed Platforms.ActiveCfg = Release|Any CPU
		{38966805-0431-42D3-B5FF-51202DBCD5CD}.Release|Mixed Platforms.Build.0 = Release|Any CPU
		{38966805-0431-42D3-B5FF-51202DBCD5CD}.Release|Win32.ActiveCfg = Release|Any CPU
		{38966805-0431-42D3-B5FF-51202DBCD5CD}.Release|x64.ActiveCfg = Release|x64
		{38966805-0431-42D3-B5FF-51202DBCD5CD}.Release|x64.Build.0 = Release|x64
		{D3949F75-D14C-411D-B4DC-FE4F2783160B}.Debug|Any CPU.ActiveCfg = Debug|Any CPU
		{D3949F75-D14C-411D-B4DC-FE4F2783160B}.Debug|Any CPU.Build.0 = Debug|Any CPU
		{D3949F75-D14C-411D-B4DC-FE4F2783160B}.Debug|Mixed Platforms.ActiveCfg = Debug|Any CPU
		{D3949F75-D14C-411D-B4DC-FE4F2783160B}.Debug|Mixed Platforms.Build.0 = Debug|Any CPU
		{D3949F75-D14C-411D-B4DC-FE4F2783160B}.Debug|Win32.ActiveCfg = Debug|Any CPU
		{D3949F75-D14C-411D-B4DC-FE4F2783160B}.Debug|x64.ActiveCfg = Debug|x64
		{D3949F75-D14C-411D-B4DC-FE4F2783160B}.Debug|x64.Build.0 = Debug|x64
		{D3949F75-D14C-411D-B4DC-FE4F2783160B}.Release|Any CPU.ActiveCfg = Release|Any CPU
		{D3949F75-D14C-411D-B4DC-FE4F2783160B}.Release|Any CPU.Build.0 = Release|Any CPU
		{D3949F75-D14C-411D-B4DC-FE4F2783160B}.Release|Mixed Platforms.ActiveCfg = Release|Any CPU
		{D3949F75-D14C-411D-B4DC-FE4F2783160B}.Release|Mixed Platforms.Build.0 = Release|Any CPU
		{D3949F75-D14C-411D-B4DC-FE4F2783160B}.Release|Win32.ActiveCfg = Release|Any CPU
		{D3949F75-D14C-411D-B4DC-FE4F2783160B}.Release|x64.ActiveCfg = Release|x64
		{D3949F75-D14C-411D-B4DC-FE4F2783160B}.Release|x64.Build.0 = Release|x64
		{300C20C7-D0ED-4DB5-A40B-16D2E232ADD5}.Debug|Any CPU.ActiveCfg = Debug|Any CPU
		{300C20C7-D0ED-4DB5-A40B-16D2E232ADD5}.Debug|Any CPU.Build.0 = Debug|Any CPU
		{300C20C7-D0ED-4DB5-A40B-16D2E232ADD5}.Debug|Mixed Platforms.ActiveCfg = Debug|Any CPU
		{300C20C7-D0ED-4DB5-A40B-16D2E232ADD5}.Debug|Mixed Platforms.Build.0 = Debug|Any CPU
		{300C20C7-D0ED-4DB5-A40B-16D2E232ADD5}.Debug|Win32.ActiveCfg = Debug|Any CPU
		{300C20C7-D0ED-4DB5-A40B-16D2E232ADD5}.Debug|x64.ActiveCfg = Debug|x64
		{300C20C7-D0ED-4DB5-A40B-16D2E232ADD5}.Debug|x64.Build.0 = Debug|x64
		{300C20C7-D0ED-4DB5-A40B-16D2E232ADD5}.Release|Any CPU.ActiveCfg = Release|Any CPU
		{300C20C7-D0ED-4DB5-A40B-16D2E232ADD5}.Release|Any CPU.Build.0 = Release|Any CPU
		{300C20C7-D0ED-4DB5-A40B-16D2E232ADD5}.Release|Mixed Platforms.ActiveCfg = Release|Any CPU
		{300C20C7-D0ED-4DB5-A40B-16D2E232ADD5}.Release|Mixed Platforms.Build.0 = Release|Any CPU
		{300C20C7-D0ED-4DB5-A40B-16D2E232ADD5}.Release|Win32.ActiveCfg = Release|Any CPU
		{300C20C7-D0ED-4DB5-A40B-16D2E232ADD5}.Release|x64.ActiveCfg = Release|x64
		{300C20C7-D0ED-4DB5-A40B-16D2E232ADD5}.Release|x64.Build.0 = Release|x64
		{9B3D3029-488D-49F1-A4C1-FFF256196455}.Debug|Any CPU.ActiveCfg = Debug|Win32
		{9B3D3029-488D-49F1-A4C1-FFF256196455}.Debug|Mixed Platforms.ActiveCfg = Debug|Win32
		{9B3D3029-488D-49F1-A4C1-FFF256196455}.Debug|Mixed Platforms.Build.0 = Debug|Win32
		{9B3D3029-488D-49F1-A4C1-FFF256196455}.Debug|Win32.ActiveCfg = Debug|Win32
		{9B3D3029-488D-49F1-A4C1-FFF256196455}.Debug|x64.ActiveCfg = Debug|x64
		{9B3D3029-488D-49F1-A4C1-FFF256196455}.Debug|x64.Build.0 = Debug|x64
		{9B3D3029-488D-49F1-A4C1-FFF256196455}.Release|Any CPU.ActiveCfg = Release|Win32
		{9B3D3029-488D-49F1-A4C1-FFF256196455}.Release|Mixed Platforms.ActiveCfg = Release|Win32
		{9B3D3029-488D-49F1-A4C1-FFF256196455}.Release|Mixed Platforms.Build.0 = Release|Win32
		{9B3D3029-488D-49F1-A4C1-FFF256196455}.Release|Win32.ActiveCfg = Release|Win32
		{9B3D3029-488D-49F1-A4C1-FFF256196455}.Release|x64.ActiveCfg = Release|x64
		{9B3D3029-488D-49F1-A4C1-FFF256196455}.Release|x64.Build.0 = Release|x64
		{B9C02CB5-33CE-479A-9A16-78F67A66BF80}.Debug|Any CPU.ActiveCfg = Debug|Any CPU
		{B9C02CB5-33CE-479A-9A16-78F67A66BF80}.Debug|Any CPU.Build.0 = Debug|Any CPU
		{B9C02CB5-33CE-479A-9A16-78F67A66BF80}.Debug|Mixed Platforms.ActiveCfg = Debug|Any CPU
		{B9C02CB5-33CE-479A-9A16-78F67A66BF80}.Debug|Mixed Platforms.Build.0 = Debug|Any CPU
		{B9C02CB5-33CE-479A-9A16-78F67A66BF80}.Debug|Win32.ActiveCfg = Debug|Any CPU
		{B9C02CB5-33CE-479A-9A16-78F67A66BF80}.Debug|x64.ActiveCfg = Debug|x64
		{B9C02CB5-33CE-479A-9A16-78F67A66BF80}.Debug|x64.Build.0 = Debug|x64
		{B9C02CB5-33CE-479A-9A16-78F67A66BF80}.Release|Any CPU.ActiveCfg = Release|Any CPU
		{B9C02CB5-33CE-479A-9A16-78F67A66BF80}.Release|Any CPU.Build.0 = Release|Any CPU
		{B9C02CB5-33CE-479A-9A16-78F67A66BF80}.Release|Mixed Platforms.ActiveCfg = Release|Any CPU
		{B9C02CB5-33CE-479A-9A16-78F67A66BF80}.Release|Mixed Platforms.Build.0 = Release|Any CPU
		{B9C02CB5-33CE-479A-9A16-78F67A66BF80}.Release|Win32.ActiveCfg = Release|Any CPU
		{B9C02CB5-33CE-479A-9A16-78F67A66BF80}.Release|x64.ActiveCfg = Release|x64
		{B9C02CB5-33CE-479A-9A16-78F67A66BF80}.Release|x64.Build.0 = Release|x64
		{E2F305D5-6DE3-4CA7-A3EE-17C047BF924A}.Debug|Any CPU.ActiveCfg = Debug|Any CPU
		{E2F305D5-6DE3-4CA7-A3EE-17C047BF924A}.Debug|Any CPU.Build.0 = Debug|Any CPU
		{E2F305D5-6DE3-4CA7-A3EE-17C047BF924A}.Debug|Mixed Platforms.ActiveCfg = Debug|Any CPU
		{E2F305D5-6DE3-4CA7-A3EE-17C047BF924A}.Debug|Mixed Platforms.Build.0 = Debug|Any CPU
		{E2F305D5-6DE3-4CA7-A3EE-17C047BF924A}.Debug|Win32.ActiveCfg = Debug|Any CPU
		{E2F305D5-6DE3-4CA7-A3EE-17C047BF924A}.Debug|x64.ActiveCfg = Debug|x64
		{E2F305D5-6DE3-4CA7-A3EE-17C047BF924A}.Debug|x64.Build.0 = Debug|x64
		{E2F305D5-6DE3-4CA7-A3EE-17C047BF924A}.Release|Any CPU.ActiveCfg = Release|Any CPU
		{E2F305D5-6DE3-4CA7-A3EE-17C047BF924A}.Release|Any CPU.Build.0 = Release|Any CPU
		{E2F305D5-6DE3-4CA7-A3EE-17C047BF924A}.Release|Mixed Platforms.ActiveCfg = Release|Any CPU
		{E2F305D5-6DE3-4CA7-A3EE-17C047BF924A}.Release|Mixed Platforms.Build.0 = Release|Any CPU
		{E2F305D5-6DE3-4CA7-A3EE-17C047BF924A}.Release|Win32.ActiveCfg = Release|Any CPU
		{E2F305D5-6DE3-4CA7-A3EE-17C047BF924A}.Release|x64.ActiveCfg = Release|x64
		{E2F305D5-6DE3-4CA7-A3EE-17C047BF924A}.Release|x64.Build.0 = Release|x64
		{4910F0D2-EA32-462A-8BBF-F514304CE5FD}.Debug|Any CPU.ActiveCfg = Debug|x64
		{4910F0D2-EA32-462A-8BBF-F514304CE5FD}.Debug|Mixed Platforms.ActiveCfg = Debug|x64
		{4910F0D2-EA32-462A-8BBF-F514304CE5FD}.Debug|Mixed Platforms.Build.0 = Debug|x64
		{4910F0D2-EA32-462A-8BBF-F514304CE5FD}.Debug|Win32.ActiveCfg = Debug|x64
		{4910F0D2-EA32-462A-8BBF-F514304CE5FD}.Debug|x64.ActiveCfg = Debug|x64
		{4910F0D2-EA32-462A-8BBF-F514304CE5FD}.Debug|x64.Build.0 = Debug|x64
		{4910F0D2-EA32-462A-8BBF-F514304CE5FD}.Release|Any CPU.ActiveCfg = Release|x64
		{4910F0D2-EA32-462A-8BBF-F514304CE5FD}.Release|Mixed Platforms.ActiveCfg = Release|x64
		{4910F0D2-EA32-462A-8BBF-F514304CE5FD}.Release|Mixed Platforms.Build.0 = Release|x64
		{4910F0D2-EA32-462A-8BBF-F514304CE5FD}.Release|Win32.ActiveCfg = Release|x64
		{4910F0D2-EA32-462A-8BBF-F514304CE5FD}.Release|x64.ActiveCfg = Release|x64
		{4910F0D2-EA32-462A-8BBF-F514304CE5FD}.Release|x64.Build.0 = Release|x64
		{04F1041A-D5D0-4AF8-A53B-301329ABB709}.Debug|Any CPU.ActiveCfg = Debug|Any CPU
		{04F1041A-D5D0-4AF8-A53B-301329ABB709}.Debug|Any CPU.Build.0 = Debug|Any CPU
		{04F1041A-D5D0-4AF8-A53B-301329ABB709}.Debug|Mixed Platforms.ActiveCfg = Debug|Any CPU
		{04F1041A-D5D0-4AF8-A53B-301329ABB709}.Debug|Mixed Platforms.Build.0 = Debug|Any CPU
		{04F1041A-D5D0-4AF8-A53B-301329ABB709}.Debug|Win32.ActiveCfg = Debug|Any CPU
		{04F1041A-D5D0-4AF8-A53B-301329ABB709}.Debug|x64.ActiveCfg = Debug|Any CPU
		{04F1041A-D5D0-4AF8-A53B-301329ABB709}.Release|Any CPU.ActiveCfg = Release|Any CPU
		{04F1041A-D5D0-4AF8-A53B-301329ABB709}.Release|Any CPU.Build.0 = Release|Any CPU
		{04F1041A-D5D0-4AF8-A53B-301329ABB709}.Release|Mixed Platforms.ActiveCfg = Release|Any CPU
		{04F1041A-D5D0-4AF8-A53B-301329ABB709}.Release|Mixed Platforms.Build.0 = Release|Any CPU
		{04F1041A-D5D0-4AF8-A53B-301329ABB709}.Release|Win32.ActiveCfg = Release|Any CPU
		{04F1041A-D5D0-4AF8-A53B-301329ABB709}.Release|x64.ActiveCfg = Release|Any CPU
		{E47D4563-1130-48AD-A91D-7F6DEA470905}.Debug|Any CPU.ActiveCfg = Debug|Win32
		{E47D4563-1130-48AD-A91D-7F6DEA470905}.Debug|Mixed Platforms.ActiveCfg = Debug|x64
		{E47D4563-1130-48AD-A91D-7F6DEA470905}.Debug|Mixed Platforms.Build.0 = Debug|x64
		{E47D4563-1130-48AD-A91D-7F6DEA470905}.Debug|Win32.ActiveCfg = Debug|Win32
		{E47D4563-1130-48AD-A91D-7F6DEA470905}.Debug|Win32.Build.0 = Debug|Win32
		{E47D4563-1130-48AD-A91D-7F6DEA470905}.Debug|x64.ActiveCfg = Debug|x64
		{E47D4563-1130-48AD-A91D-7F6DEA470905}.Debug|x64.Build.0 = Debug|x64
		{E47D4563-1130-48AD-A91D-7F6DEA470905}.Release|Any CPU.ActiveCfg = Release|Win32
		{E47D4563-1130-48AD-A91D-7F6DEA470905}.Release|Mixed Platforms.ActiveCfg = Release|Win32
		{E47D4563-1130-48AD-A91D-7F6DEA470905}.Release|Mixed Platforms.Build.0 = Release|Win32
		{E47D4563-1130-48AD-A91D-7F6DEA470905}.Release|Win32.ActiveCfg = Release|Win32
		{E47D4563-1130-48AD-A91D-7F6DEA470905}.Release|Win32.Build.0 = Release|Win32
		{E47D4563-1130-48AD-A91D-7F6DEA470905}.Release|x64.ActiveCfg = Release|x64
		{E47D4563-1130-48AD-A91D-7F6DEA470905}.Release|x64.Build.0 = Release|x64
		{55E28C63-13A1-49FE-933E-F71A8C1F9E47}.Debug|Any CPU.ActiveCfg = Debug|Any CPU
		{55E28C63-13A1-49FE-933E-F71A8C1F9E47}.Debug|Any CPU.Build.0 = Debug|Any CPU
		{55E28C63-13A1-49FE-933E-F71A8C1F9E47}.Debug|Mixed Platforms.ActiveCfg = Debug|Any CPU
		{55E28C63-13A1-49FE-933E-F71A8C1F9E47}.Debug|Mixed Platforms.Build.0 = Debug|Any CPU
		{55E28C63-13A1-49FE-933E-F71A8C1F9E47}.Debug|Win32.ActiveCfg = Debug|Any CPU
		{55E28C63-13A1-49FE-933E-F71A8C1F9E47}.Debug|x64.ActiveCfg = Debug|x64
		{55E28C63-13A1-49FE-933E-F71A8C1F9E47}.Debug|x64.Build.0 = Debug|x64
		{55E28C63-13A1-49FE-933E-F71A8C1F9E47}.Release|Any CPU.ActiveCfg = Release|Any CPU
		{55E28C63-13A1-49FE-933E-F71A8C1F9E47}.Release|Any CPU.Build.0 = Release|Any CPU
		{55E28C63-13A1-49FE-933E-F71A8C1F9E47}.Release|Mixed Platforms.ActiveCfg = Release|Any CPU
		{55E28C63-13A1-49FE-933E-F71A8C1F9E47}.Release|Mixed Platforms.Build.0 = Release|Any CPU
		{55E28C63-13A1-49FE-933E-F71A8C1F9E47}.Release|Win32.ActiveCfg = Release|Any CPU
		{55E28C63-13A1-49FE-933E-F71A8C1F9E47}.Release|x64.ActiveCfg = Release|x64
		{55E28C63-13A1-49FE-933E-F71A8C1F9E47}.Release|x64.Build.0 = Release|x64
	EndGlobalSection
	GlobalSection(SolutionProperties) = preSolution
		HideSolutionNode = FALSE
	EndGlobalSection
	GlobalSection(NestedProjects) = preSolution
		{9B3D3029-488D-49F1-A4C1-FFF256196455} = {D4626A91-35DA-4DE3-89DB-DE6D838E89D6}
		{B9C02CB5-33CE-479A-9A16-78F67A66BF80} = {D4626A91-35DA-4DE3-89DB-DE6D838E89D6}
		{55E28C63-13A1-49FE-933E-F71A8C1F9E47} = {D4626A91-35DA-4DE3-89DB-DE6D838E89D6}
	EndGlobalSection
EndGlobal
